
Microsoft Visual Studio Solution File, Format Version 12.00
# Visual Studio Version 17
VisualStudioVersion = 17.14.36429.23
MinimumVisualStudioVersion = 10.0.40219.1
Project("{2150E333-8FDC-42A3-9474-1A3956D46DE8}") = "Task0", "Task0", "{02EA681E-C7D8-13C7-8484-4AC65E1B71E8}"
EndProject
Project("{FAE04EC0-301F-11D3-BF4B-00C04F79EFBC}") = "Tyuiu.BarminaSK.Sprint5.Task0.V26", "Tyuiu.BarminaSK.Sprint5.Task0.V26\Tyuiu.BarminaSK.Sprint5.Task0.V26.csproj", "{A953FEA1-0B61-4D0B-B3B8-CB7FA5628366}"
EndProject
Project("{FAE04EC0-301F-11D3-BF4B-00C04F79EFBC}") = "Tyuiu.BarminaSK.Sprint5.Task0.V26.Lib", "Tyuiu.BarminaSK.Sprint5.Task0.V26.Lib\Tyuiu.BarminaSK.Sprint5.Task0.V26.Lib.csproj", "{3F4F8253-EBCC-4511-A6DF-CB65FC3183B1}"
EndProject
Project("{FAE04EC0-301F-11D3-BF4B-00C04F79EFBC}") = "Tyuiu.BarminaSK.Sprint5.Task0.V26.Test", "Tyuiu.BarminaSK.Sprint5.Task0.V26.Test\Tyuiu.BarminaSK.Sprint5.Task0.V26.Test.csproj", "{93FCFF82-922C-498C-9D0C-5ACB34BB0D5A}"
EndProject
Project("{2150E333-8FDC-42A3-9474-1A3956D46DE8}") = "Task1", "Task1", "{FD6D2E4A-154A-4E2D-A982-7D1AE7D35530}"
EndProject
Project("{FAE04EC0-301F-11D3-BF4B-00C04F79EFBC}") = "Tyuiu.BarminaSK.Sprint5.Task1.V10", "Tyuiu.BarminaSK.Sprint5.Task1.V10\Tyuiu.BarminaSK.Sprint5.Task1.V10.csproj", "{CEA9F5F7-9F5C-427F-9A5D-F1B78AA5D381}"
EndProject
Project("{FAE04EC0-301F-11D3-BF4B-00C04F79EFBC}") = "Tyuiu.BarminaSK.Sprint5.Task1.V10.Lib", "Tyuiu.BarminaSK.Sprint5.Task1.V10.Lib\Tyuiu.BarminaSK.Sprint5.Task1.V10.Lib.csproj", "{F8CD2F79-11DA-44F9-B284-7298D1545DD0}"
EndProject
Project("{FAE04EC0-301F-11D3-BF4B-00C04F79EFBC}") = "Tyuiu.BarminaSK.Sprint5.Task1.V10.Test", "Tyuiu.BarminaSK.Sprint5.Task1.V10.Test\Tyuiu.BarminaSK.Sprint5.Task1.V10.Test.csproj", "{2EBAD7B0-BC4C-429E-83DC-30D96E111978}"
EndProject
Project("{2150E333-8FDC-42A3-9474-1A3956D46DE8}") = "Task2", "Task2", "{273C773A-DF98-42CD-9968-025D7D21F775}"
EndProject
Project("{FAE04EC0-301F-11D3-BF4B-00C04F79EFBC}") = "Tyuiu.BarminaSK.Sprint5.Task2.V26", "Tyuiu.BarminaSK.Sprint5.Task2.V26\Tyuiu.BarminaSK.Sprint5.Task2.V26.csproj", "{D15C82C0-45EE-41F8-B308-6B1B48CDEEBD}"
EndProject
Project("{FAE04EC0-301F-11D3-BF4B-00C04F79EFBC}") = "Tyuiu.BarminaSK.Sprint5.Task2.V26.Lib", "Tyuiu.BarminaSK.Sprint5.Task2.V26.Lib\Tyuiu.BarminaSK.Sprint5.Task2.V26.Lib.csproj", "{B454049C-FCEA-4C98-94FA-4FC169040DB6}"
EndProject
Project("{FAE04EC0-301F-11D3-BF4B-00C04F79EFBC}") = "Tyuiu.BarminaSK.Sprint5.Task2.V26.Test", "Tyuiu.BarminaSK.Sprint5.Task2.V26.Test\Tyuiu.BarminaSK.Sprint5.Task2.V26.Test.csproj", "{C2824D61-7A32-4C8A-8093-5B3D4E2E399D}"
EndProject
Project("{2150E333-8FDC-42A3-9474-1A3956D46DE8}") = "Task3", "Task3", "{79424FA6-5D53-4E6E-BAEA-84C693F4EF8F}"
EndProject
Project("{FAE04EC0-301F-11D3-BF4B-00C04F79EFBC}") = "Tyuiu.BarminaSK.Sprint5.Task3.V4", "Tyuiu.BarminaSK.Sprint5.Task3.V4\Tyuiu.BarminaSK.Sprint5.Task3.V4.csproj", "{8C2E76E3-E790-4EB7-B5DA-9DF99E86EED5}"
EndProject
Project("{FAE04EC0-301F-11D3-BF4B-00C04F79EFBC}") = "Tyuiu.BarminaSK.Sprint5.Task3.V4.Lib", "Tyuiu.BarminaSK.Sprint5.Task3.V4.Lib\Tyuiu.BarminaSK.Sprint5.Task3.V4.Lib.csproj", "{3AF2A514-51F1-43C1-8BAE-923BD31C7713}"
EndProject
Project("{FAE04EC0-301F-11D3-BF4B-00C04F79EFBC}") = "Tyuiu.BarminaSK.Sprint5.Task3.V4.Test", "Tyuiu.BarminaSK.Sprint5.Task3.V4.Test\Tyuiu.BarminaSK.Sprint5.Task3.V4.Test.csproj", "{54506ABB-ADA2-414F-A91E-56910318B24F}"
EndProject
Global
	GlobalSection(SolutionConfigurationPlatforms) = preSolution
		Debug|Any CPU = Debug|Any CPU
		Release|Any CPU = Release|Any CPU
	EndGlobalSection
	GlobalSection(ProjectConfigurationPlatforms) = postSolution
		{A953FEA1-0B61-4D0B-B3B8-CB7FA5628366}.Debug|Any CPU.ActiveCfg = Debug|Any CPU
		{A953FEA1-0B61-4D0B-B3B8-CB7FA5628366}.Debug|Any CPU.Build.0 = Debug|Any CPU
		{A953FEA1-0B61-4D0B-B3B8-CB7FA5628366}.Release|Any CPU.ActiveCfg = Release|Any CPU
		{A953FEA1-0B61-4D0B-B3B8-CB7FA5628366}.Release|Any CPU.Build.0 = Release|Any CPU
		{3F4F8253-EBCC-4511-A6DF-CB65FC3183B1}.Debug|Any CPU.ActiveCfg = Debug|Any CPU
		{3F4F8253-EBCC-4511-A6DF-CB65FC3183B1}.Debug|Any CPU.Build.0 = Debug|Any CPU
		{3F4F8253-EBCC-4511-A6DF-CB65FC3183B1}.Release|Any CPU.ActiveCfg = Release|Any CPU
		{3F4F8253-EBCC-4511-A6DF-CB65FC3183B1}.Release|Any CPU.Build.0 = Release|Any CPU
		{93FCFF82-922C-498C-9D0C-5ACB34BB0D5A}.Debug|Any CPU.ActiveCfg = Debug|Any CPU
		{93FCFF82-922C-498C-9D0C-5ACB34BB0D5A}.Debug|Any CPU.Build.0 = Debug|Any CPU
		{93FCFF82-922C-498C-9D0C-5ACB34BB0D5A}.Release|Any CPU.ActiveCfg = Release|Any CPU
		{93FCFF82-922C-498C-9D0C-5ACB34BB0D5A}.Release|Any CPU.Build.0 = Release|Any CPU
		{CEA9F5F7-9F5C-427F-9A5D-F1B78AA5D381}.Debug|Any CPU.ActiveCfg = Debug|Any CPU
		{CEA9F5F7-9F5C-427F-9A5D-F1B78AA5D381}.Debug|Any CPU.Build.0 = Debug|Any CPU
		{CEA9F5F7-9F5C-427F-9A5D-F1B78AA5D381}.Release|Any CPU.ActiveCfg = Release|Any CPU
		{CEA9F5F7-9F5C-427F-9A5D-F1B78AA5D381}.Release|Any CPU.Build.0 = Release|Any CPU
		{F8CD2F79-11DA-44F9-B284-7298D1545DD0}.Debug|Any CPU.ActiveCfg = Debug|Any CPU
		{F8CD2F79-11DA-44F9-B284-7298D1545DD0}.Debug|Any CPU.Build.0 = Debug|Any CPU
		{F8CD2F79-11DA-44F9-B284-7298D1545DD0}.Release|Any CPU.ActiveCfg = Release|Any CPU
		{F8CD2F79-11DA-44F9-B284-7298D1545DD0}.Release|Any CPU.Build.0 = Release|Any CPU
		{2EBAD7B0-BC4C-429E-83DC-30D96E111978}.Debug|Any CPU.ActiveCfg = Debug|Any CPU
		{2EBAD7B0-BC4C-429E-83DC-30D96E111978}.Debug|Any CPU.Build.0 = Debug|Any CPU
		{2EBAD7B0-BC4C-429E-83DC-30D96E111978}.Release|Any CPU.ActiveCfg = Release|Any CPU
		{2EBAD7B0-BC4C-429E-83DC-30D96E111978}.Release|Any CPU.Build.0 = Release|Any CPU
		{D15C82C0-45EE-41F8-B308-6B1B48CDEEBD}.Debug|Any CPU.ActiveCfg = Debug|Any CPU
		{D15C82C0-45EE-41F8-B308-6B1B48CDEEBD}.Debug|Any CPU.Build.0 = Debug|Any CPU
		{D15C82C0-45EE-41F8-B308-6B1B48CDEEBD}.Release|Any CPU.ActiveCfg = Release|Any CPU
		{D15C82C0-45EE-41F8-B308-6B1B48CDEEBD}.Release|Any CPU.Build.0 = Release|Any CPU
		{B454049C-FCEA-4C98-94FA-4FC169040DB6}.Debug|Any CPU.ActiveCfg = Debug|Any CPU
		{B454049C-FCEA-4C98-94FA-4FC169040DB6}.Debug|Any CPU.Build.0 = Debug|Any CPU
		{B454049C-FCEA-4C98-94FA-4FC169040DB6}.Release|Any CPU.ActiveCfg = Release|Any CPU
		{B454049C-FCEA-4C98-94FA-4FC169040DB6}.Release|Any CPU.Build.0 = Release|Any CPU
		{C2824D61-7A32-4C8A-8093-5B3D4E2E399D}.Debug|Any CPU.ActiveCfg = Debug|Any CPU
		{C2824D61-7A32-4C8A-8093-5B3D4E2E399D}.Debug|Any CPU.Build.0 = Debug|Any CPU
		{C2824D61-7A32-4C8A-8093-5B3D4E2E399D}.Release|Any CPU.ActiveCfg = Release|Any CPU
		{C2824D61-7A32-4C8A-8093-5B3D4E2E399D}.Release|Any CPU.Build.0 = Release|Any CPU
		{8C2E76E3-E790-4EB7-B5DA-9DF99E86EED5}.Debug|Any CPU.ActiveCfg = Debug|Any CPU
		{8C2E76E3-E790-4EB7-B5DA-9DF99E86EED5}.Debug|Any CPU.Build.0 = Debug|Any CPU
		{8C2E76E3-E790-4EB7-B5DA-9DF99E86EED5}.Release|Any CPU.ActiveCfg = Release|Any CPU
		{8C2E76E3-E790-4EB7-B5DA-9DF99E86EED5}.Release|Any CPU.Build.0 = Release|Any CPU
		{3AF2A514-51F1-43C1-8BAE-923BD31C7713}.Debug|Any CPU.ActiveCfg = Debug|Any CPU
		{3AF2A514-51F1-43C1-8BAE-923BD31C7713}.Debug|Any CPU.Build.0 = Debug|Any CPU
		{3AF2A514-51F1-43C1-8BAE-923BD31C7713}.Release|Any CPU.ActiveCfg = Release|Any CPU
		{3AF2A514-51F1-43C1-8BAE-923BD31C7713}.Release|Any CPU.Build.0 = Release|Any CPU
		{54506ABB-ADA2-414F-A91E-56910318B24F}.Debug|Any CPU.ActiveCfg = Debug|Any CPU
		{54506ABB-ADA2-414F-A91E-56910318B24F}.Debug|Any CPU.Build.0 = Debug|Any CPU
		{54506ABB-ADA2-414F-A91E-56910318B24F}.Release|Any CPU.ActiveCfg = Release|Any CPU
		{54506ABB-ADA2-414F-A91E-56910318B24F}.Release|Any CPU.Build.0 = Release|Any CPU
	EndGlobalSection
	GlobalSection(SolutionProperties) = preSolution
		HideSolutionNode = FALSE
	EndGlobalSection
	GlobalSection(NestedProjects) = preSolution
		{A953FEA1-0B61-4D0B-B3B8-CB7FA5628366} = {02EA681E-C7D8-13C7-8484-4AC65E1B71E8}
		{3F4F8253-EBCC-4511-A6DF-CB65FC3183B1} = {02EA681E-C7D8-13C7-8484-4AC65E1B71E8}
		{93FCFF82-922C-498C-9D0C-5ACB34BB0D5A} = {02EA681E-C7D8-13C7-8484-4AC65E1B71E8}
		{CEA9F5F7-9F5C-427F-9A5D-F1B78AA5D381} = {FD6D2E4A-154A-4E2D-A982-7D1AE7D35530}
		{F8CD2F79-11DA-44F9-B284-7298D1545DD0} = {FD6D2E4A-154A-4E2D-A982-7D1AE7D35530}
		{2EBAD7B0-BC4C-429E-83DC-30D96E111978} = {FD6D2E4A-154A-4E2D-A982-7D1AE7D35530}
		{D15C82C0-45EE-41F8-B308-6B1B48CDEEBD} = {273C773A-DF98-42CD-9968-025D7D21F775}
		{B454049C-FCEA-4C98-94FA-4FC169040DB6} = {273C773A-DF98-42CD-9968-025D7D21F775}
		{C2824D61-7A32-4C8A-8093-5B3D4E2E399D} = {273C773A-DF98-42CD-9968-025D7D21F775}
		{8C2E76E3-E790-4EB7-B5DA-9DF99E86EED5} = {79424FA6-5D53-4E6E-BAEA-84C693F4EF8F}
		{3AF2A514-51F1-43C1-8BAE-923BD31C7713} = {79424FA6-5D53-4E6E-BAEA-84C693F4EF8F}
		{54506ABB-ADA2-414F-A91E-56910318B24F} = {79424FA6-5D53-4E6E-BAEA-84C693F4EF8F}
	EndGlobalSection
	GlobalSection(ExtensibilityGlobals) = postSolution
		SolutionGuid = {0D853A87-113F-4D91-BB32-E0AE1BE4909B}
	EndGlobalSection
EndGlobal
